
Microsoft Visual Studio Solution File, Format Version 12.00
# Visual Studio 15
VisualStudioVersion = 15.0.28010.2026
MinimumVisualStudioVersion = 10.0.40219.1
Project("{9A19103F-16F7-4668-BE54-9A1E7A4F7556}") = "Winter_Classes_App", "Winter_Classes_App\Winter_Classes_App.csproj", "{CB9CA2E5-3690-465A-85BE-25CEF79B262C}"
EndProject
Project("{9A19103F-16F7-4668-BE54-9A1E7A4F7556}") = "UnitTests", "UnitTests\UnitTests.csproj", "{078FFA78-246A-47BA-B405-6D1736C7B840}"
EndProject
Project("{FAE04EC0-301F-11D3-BF4B-00C04F79EFBC}") = "Selenium", "Selenium\Selenium.csproj", "{1A51B597-7608-4345-9585-5CDD4C665F2D}"
EndProject
Global
	GlobalSection(SolutionConfigurationPlatforms) = preSolution
		Debug|Any CPU = Debug|Any CPU
		Release|Any CPU = Release|Any CPU
	EndGlobalSection
	GlobalSection(ProjectConfigurationPlatforms) = postSolution
		{CB9CA2E5-3690-465A-85BE-25CEF79B262C}.Debug|Any CPU.ActiveCfg = Debug|Any CPU
		{CB9CA2E5-3690-465A-85BE-25CEF79B262C}.Debug|Any CPU.Build.0 = Debug|Any CPU
		{CB9CA2E5-3690-465A-85BE-25CEF79B262C}.Release|Any CPU.ActiveCfg = Release|Any CPU
		{CB9CA2E5-3690-465A-85BE-25CEF79B262C}.Release|Any CPU.Build.0 = Release|Any CPU
		{078FFA78-246A-47BA-B405-6D1736C7B840}.Debug|Any CPU.ActiveCfg = Debug|Any CPU
		{078FFA78-246A-47BA-B405-6D1736C7B840}.Debug|Any CPU.Build.0 = Debug|Any CPU
		{078FFA78-246A-47BA-B405-6D1736C7B840}.Release|Any CPU.ActiveCfg = Release|Any CPU
		{078FFA78-246A-47BA-B405-6D1736C7B840}.Release|Any CPU.Build.0 = Release|Any CPU
		{1A51B597-7608-4345-9585-5CDD4C665F2D}.Debug|Any CPU.ActiveCfg = Debug|Any CPU
		{1A51B597-7608-4345-9585-5CDD4C665F2D}.Debug|Any CPU.Build.0 = Debug|Any CPU
		{1A51B597-7608-4345-9585-5CDD4C665F2D}.Release|Any CPU.ActiveCfg = Release|Any CPU
		{1A51B597-7608-4345-9585-5CDD4C665F2D}.Release|Any CPU.Build.0 = Release|Any CPU
	EndGlobalSection
	GlobalSection(SolutionProperties) = preSolution
		HideSolutionNode = FALSE
	EndGlobalSection
	GlobalSection(ExtensibilityGlobals) = postSolution
		SolutionGuid = {DB570E4F-6C3B-4A3B-99AF-29649762A493}
	EndGlobalSection
EndGlobal
